
Microsoft Visual Studio Solution File, Format Version 12.00
# Visual Studio Version 16
VisualStudioVersion = 16.0.30611.23
MinimumVisualStudioVersion = 10.0.40219.1
Project("{FAE04EC0-301F-11D3-BF4B-00C04F79EFBC}") = "StruggleTweaks", "StruggleTweaks.csproj", "{DAF59C7B-B568-4A66-BECA-0D8B47971845}"
EndProject
Global
	GlobalSection(SolutionConfigurationPlatforms) = preSolution
		Debug|Any CPU = Debug|Any CPU
		Release|Any CPU = Release|Any CPU
	EndGlobalSection
	GlobalSection(ProjectConfigurationPlatforms) = postSolution
		{DAF59C7B-B568-4A66-BECA-0D8B47971845}.Debug|Any CPU.ActiveCfg = Debug|Any CPU
		{DAF59C7B-B568-4A66-BECA-0D8B47971845}.Debug|Any CPU.Build.0 = Debug|Any CPU
		{DAF59C7B-B568-4A66-BECA-0D8B47971845}.Release|Any CPU.ActiveCfg = Release|Any CPU
		{DAF59C7B-B568-4A66-BECA-0D8B47971845}.Release|Any CPU.Build.0 = Release|Any CPU
	EndGlobalSection
	GlobalSection(SolutionProperties) = preSolution
		HideSolutionNode = FALSE
	EndGlobalSection
	GlobalSection(ExtensibilityGlobals) = postSolution
		SolutionGuid = {197BEE91-940C-4C9B-9DB2-647DDEF42CA1}
	EndGlobalSection
EndGlobal
